// !$*UTF8*$!
{
	archiveVersion = 1;
	classes = {
	};
	objectVersion = 50;
	objects = {

/* Begin PBXBuildFile section */
		8570429E257EA39A00E11191 /* AppDelegate.swift in Sources */ = {isa = PBXBuildFile; fileRef = 8570429D257EA39A00E11191 /* AppDelegate.swift */; };
		857042A0257EA39A00E11191 /* SceneDelegate.swift in Sources */ = {isa = PBXBuildFile; fileRef = 8570429F257EA39A00E11191 /* SceneDelegate.swift */; };
		857042A2257EA39A00E11191 /* ViewController.swift in Sources */ = {isa = PBXBuildFile; fileRef = 857042A1257EA39A00E11191 /* ViewController.swift */; };
		857042A5257EA39A00E11191 /* Main.storyboard in Resources */ = {isa = PBXBuildFile; fileRef = 857042A3257EA39A00E11191 /* Main.storyboard */; };
		857042A7257EA39B00E11191 /* Assets.xcassets in Resources */ = {isa = PBXBuildFile; fileRef = 857042A6257EA39B00E11191 /* Assets.xcassets */; };
		857042AA257EA39B00E11191 /* LaunchScreen.storyboard in Resources */ = {isa = PBXBuildFile; fileRef = 857042A8257EA39B00E11191 /* LaunchScreen.storyboard */; };
		857042B6257EA44300E11191 /* CardTableViewCell.swift in Sources */ = {isa = PBXBuildFile; fileRef = 857042B4257EA44300E11191 /* CardTableViewCell.swift */; };
		857042B7257EA44300E11191 /* CardTableViewCell.xib in Resources */ = {isa = PBXBuildFile; fileRef = 857042B5257EA44300E11191 /* CardTableViewCell.xib */; };
/* End PBXBuildFile section */

/* Begin PBXFileReference section */
		8570429A257EA39A00E11191 /* customCell_5.app */ = {isa = PBXFileReference; explicitFileType = wrapper.application; includeInIndex = 0; path = customCell_5.app; sourceTree = BUILT_PRODUCTS_DIR; };
		8570429D257EA39A00E11191 /* AppDelegate.swift */ = {isa = PBXFileReference; lastKnownFileType = sourcecode.swift; path = AppDelegate.swift; sourceTree = "<group>"; };
		8570429F257EA39A00E11191 /* SceneDelegate.swift */ = {isa = PBXFileReference; lastKnownFileType = sourcecode.swift; path = SceneDelegate.swift; sourceTree = "<group>"; };
		857042A1257EA39A00E11191 /* ViewController.swift */ = {isa = PBXFileReference; lastKnownFileType = sourcecode.swift; path = ViewController.swift; sourceTree = "<group>"; };
		857042A4257EA39A00E11191 /* Base */ = {isa = PBXFileReference; lastKnownFileType = file.storyboard; name = Base; path = Base.lproj/Main.storyboard; sourceTree = "<group>"; };
		857042A6257EA39B00E11191 /* Assets.xcassets */ = {isa = PBXFileReference; lastKnownFileType = folder.assetcatalog; path = Assets.xcassets; sourceTree = "<group>"; };
		857042A9257EA39B00E11191 /* Base */ = {isa = PBXFileReference; lastKnownFileType = file.storyboard; name = Base; path = Base.lproj/LaunchScreen.storyboard; sourceTree = "<group>"; };
		857042AB257EA39B00E11191 /* Info.plist */ = {isa = PBXFileReference; lastKnownFileType = text.plist.xml; path = Info.plist; sourceTree = "<group>"; };
		857042B4257EA44300E11191 /* CardTableViewCell.swift */ = {isa = PBXFileReference; lastKnownFileType = sourcecode.swift; path = CardTableViewCell.swift; sourceTree = "<group>"; };
		857042B5257EA44300E11191 /* CardTableViewCell.xib */ = {isa = PBXFileReference; lastKnownFileType = file.xib; path = CardTableViewCell.xib; sourceTree = "<group>"; };
/* End PBXFileReference section */

/* Begin PBXFrameworksBuildPhase section */
		85704297257EA39A00E11191 /* Frameworks */ = {
			isa = PBXFrameworksBuildPhase;
			buildActionMask = 2147483647;
			files = (
			);
			runOnlyForDeploymentPostprocessing = 0;
		};
/* End PBXFrameworksBuildPhase section */

/* Begin PBXGroup section */
		85704291257EA39A00E11191 = {
			isa = PBXGroup;
			children = (
				8570429C257EA39A00E11191 /* customCell_5 */,
				8570429B257EA39A00E11191 /* Products */,
			);
			sourceTree = "<group>";
		};
		8570429B257EA39A00E11191 /* Products */ = {
			isa = PBXGroup;
			children = (
				8570429A257EA39A00E11191 /* customCell_5.app */,
			);
			name = Products;
			sourceTree = "<group>";
		};
		8570429C257EA39A00E11191 /* customCell_5 */ = {
			isa = PBXGroup;
			children = (
				8570429D257EA39A00E11191 /* AppDelegate.swift */,
				8570429F257EA39A00E11191 /* SceneDelegate.swift */,
				857042A1257EA39A00E11191 /* ViewController.swift */,
				857042B4257EA44300E11191 /* CardTableViewCell.swift */,
				857042B5257EA44300E11191 /* CardTableViewCell.xib */,
				857042A3257EA39A00E11191 /* Main.storyboard */,
				857042A6257EA39B00E11191 /* Assets.xcassets */,
				857042A8257EA39B00E11191 /* LaunchScreen.storyboard */,
				857042AB257EA39B00E11191 /* Info.plist */,
			);
			path = customCell_5;
			sourceTree = "<group>";
		};
/* End PBXGroup section */

/* Begin PBXNativeTarget section */
		85704299257EA39A00E11191 /* customCell_5 */ = {
			isa = PBXNativeTarget;
			buildConfigurationList = 857042AE257EA39B00E11191 /* Build configuration list for PBXNativeTarget "customCell_5" */;
			buildPhases = (
				85704296257EA39A00E11191 /* Sources */,
				85704297257EA39A00E11191 /* Frameworks */,
				85704298257EA39A00E11191 /* Resources */,
			);
			buildRules = (
			);
			dependencies = (
			);
			name = customCell_5;
			productName = customCell_5;
			productReference = 8570429A257EA39A00E11191 /* customCell_5.app */;
			productType = "com.apple.product-type.application";
		};
/* End PBXNativeTarget section */

/* Begin PBXProject section */
		85704292257EA39A00E11191 /* Project object */ = {
			isa = PBXProject;
			attributes = {
				LastSwiftUpdateCheck = 1220;
				LastUpgradeCheck = 1220;
				TargetAttributes = {
					85704299257EA39A00E11191 = {
						CreatedOnToolsVersion = 12.2;
					};
				};
			};
			buildConfigurationList = 85704295257EA39A00E11191 /* Build configuration list for PBXProject "customCell_5" */;
			compatibilityVersion = "Xcode 9.3";
			developmentRegion = en;
			hasScannedForEncodings = 0;
			knownRegions = (
				en,
				Base,
			);
			mainGroup = 85704291257EA39A00E11191;
			productRefGroup = 8570429B257EA39A00E11191 /* Products */;
			projectDirPath = "";
			projectRoot = "";
			targets = (
				85704299257EA39A00E11191 /* customCell_5 */,
			);
		};
/* End PBXProject section */

/* Begin PBXResourcesBuildPhase section */
		85704298257EA39A00E11191 /* Resources */ = {
			isa = PBXResourcesBuildPhase;
			buildActionMask = 2147483647;
			files = (
				857042AA257EA39B00E11191 /* LaunchScreen.storyboard in Resources */,
				857042A7257EA39B00E11191 /* Assets.xcassets in Resources */,
				857042A5257EA39A00E11191 /* Main.storyboard in Resources */,
				857042B7257EA44300E11191 /* CardTableViewCell.xib in Resources */,
			);
			runOnlyForDeploymentPostprocessing = 0;
		};
/* End PBXResourcesBuildPhase section */

/* Begin PBXSourcesBuildPhase section */
		85704296257EA39A00E11191 /* Sources */ = {
			isa = PBXSourcesBuildPhase;
			buildActionMask = 2147483647;
			files = (
				857042A2257EA39A00E11191 /* ViewController.swift in Sources */,
				8570429E257EA39A00E11191 /* AppDelegate.swift in Sources */,
				857042A0257EA39A00E11191 /* SceneDelegate.swift in Sources */,
				857042B6257EA44300E11191 /* CardTableViewCell.swift in Sources */,
			);
			runOnlyForDeploymentPostprocessing = 0;
		};
/* End PBXSourcesBuildPhase section */

/* Begin PBXVariantGroup section */
		857042A3257EA39A00E11191 /* Main.storyboard */ = {
			isa = PBXVariantGroup;
			children = (
				857042A4257EA39A00E11191 /* Base */,
			);
			name = Main.storyboard;
			sourceTree = "<group>";
		};
		857042A8257EA39B00E11191 /* LaunchScreen.storyboard */ = {
			isa = PBXVariantGroup;
			children = (
				857042A9257EA39B00E11191 /* Base */,
			);
			name = LaunchScreen.storyboard;
			sourceTree = "<group>";
		};
/* End PBXVariantGroup section */

/* Begin XCBuildConfiguration section */
		857042AC257EA39B00E11191 /* Debug */ = {
			isa = XCBuildConfiguration;
			buildSettings = {
				ALWAYS_SEARCH_USER_PATHS = NO;
				CLANG_ANALYZER_NONNULL = YES;
				CLANG_ANALYZER_NUMBER_OBJECT_CONVERSION = YES_AGGRESSIVE;
				CLANG_CXX_LANGUAGE_STANDARD = "gnu++14";
				CLANG_CXX_LIBRARY = "libc++";
				CLANG_ENABLE_MODULES = YES;
				CLANG_ENABLE_OBJC_ARC = YES;
				CLANG_ENABLE_OBJC_WEAK = YES;
				CLANG_WARN_BLOCK_CAPTURE_AUTORELEASING = YES;
				CLANG_WARN_BOOL_CONVERSION = YES;
				CLANG_WARN_COMMA = YES;
				CLANG_WARN_CONSTANT_CONVERSION = YES;
				CLANG_WARN_DEPRECATED_OBJC_IMPLEMENTATIONS = YES;
				CLANG_WARN_DIRECT_OBJC_ISA_USAGE = YES_ERROR;
				CLANG_WARN_DOCUMENTATION_COMMENTS = YES;
				CLANG_WARN_EMPTY_BODY = YES;
				CLANG_WARN_ENUM_CONVERSION = YES;
				CLANG_WARN_INFINITE_RECURSION = YES;
				CLANG_WARN_INT_CONVERSION = YES;
				CLANG_WARN_NON_LITERAL_NULL_CONVERSION = YES;
				CLANG_WARN_OBJC_IMPLICIT_RETAIN_SELF = YES;
				CLANG_WARN_OBJC_LITERAL_CONVERSION = YES;
				CLANG_WARN_OBJC_ROOT_CLASS = YES_ERROR;
				CLANG_WARN_QUOTED_INCLUDE_IN_FRAMEWORK_HEADER = YES;
				CLANG_WARN_RANGE_LOOP_ANALYSIS = YES;
				CLANG_WARN_STRICT_PROTOTYPES = YES;
				CLANG_WARN_SUSPICIOUS_MOVE = YES;
				CLANG_WARN_UNGUARDED_AVAILABILITY = YES_AGGRESSIVE;
				CLANG_WARN_UNREACHABLE_CODE = YES;
				CLANG_WARN__DUPLICATE_METHOD_MATCH = YES;
				COPY_PHASE_STRIP = NO;
				DEBUG_INFORMATION_FORMAT = dwarf;
				ENABLE_STRICT_OBJC_MSGSEND = YES;
				ENABLE_TESTABILITY = YES;
				GCC_C_LANGUAGE_STANDARD = gnu11;
				GCC_DYNAMIC_NO_PIC = NO;
				GCC_NO_COMMON_BLOCKS = YES;
				GCC_OPTIMIZATION_LEVEL = 0;
				GCC_PREPROCESSOR_DEFINITIONS = (
					"DEBUG=1",
					"$(inherited)",
				);
				GCC_WARN_64_TO_32_BIT_CONVERSION = YES;
				GCC_WARN_ABOUT_RETURN_TYPE = YES_ERROR;
				GCC_WARN_UNDECLARED_SELECTOR = YES;
				GCC_WARN_UNINITIALIZED_AUTOS = YES_AGGRESSIVE;
				GCC_WARN_UNUSED_FUNCTION = YES;
				GCC_WARN_UNUSED_VARIABLE = YES;
				IPHONEOS_DEPLOYMENT_TARGET = 14.2;
				MTL_ENABLE_DEBUG_INFO = INCLUDE_SOURCE;
				MTL_FAST_MATH = YES;
				ONLY_ACTIVE_ARCH = YES;
				SDKROOT = iphoneos;
				SWIFT_ACTIVE_COMPILATION_CONDITIONS = DEBUG;
				SWIFT_OPTIMIZATION_LEVEL = "-Onone";
			};
			name = Debug;
		};
		857042AD257EA39B00E11191 /* Release */ = {
			isa = XCBuildConfiguration;
			buildSettings = {
				ALWAYS_SEARCH_USER_PATHS = NO;
				CLANG_ANALYZER_NONNULL = YES;
				CLANG_ANALYZER_NUMBER_OBJECT_CONVERSION = YES_AGGRESSIVE;
				CLANG_CXX_LANGUAGE_STANDARD = "gnu++14";
				CLANG_CXX_LIBRARY = "libc++";
				CLANG_ENABLE_MODULES = YES;
				CLANG_ENABLE_OBJC_ARC = YES;
				CLANG_ENABLE_OBJC_WEAK = YES;
				CLANG_WARN_BLOCK_CAPTURE_AUTORELEASING = YES;
				CLANG_WARN_BOOL_CONVERSION = YES;
				CLANG_WARN_COMMA = YES;
				CLANG_WARN_CONSTANT_CONVERSION = YES;
				CLANG_WARN_DEPRECATED_OBJC_IMPLEMENTATIONS = YES;
				CLANG_WARN_DIRECT_OBJC_ISA_USAGE = YES_ERROR;
				CLANG_WARN_DOCUMENTATION_COMMENTS = YES;
				CLANG_WARN_EMPTY_BODY = YES;
				CLANG_WARN_ENUM_CONVERSION = YES;
				CLANG_WARN_INFINITE_RECURSION = YES;
				CLANG_WARN_INT_CONVERSION = YES;
				CLANG_WARN_NON_LITERAL_NULL_CONVERSION = YES;
				CLANG_WARN_OBJC_IMPLICIT_RETAIN_SELF = YES;
				CLANG_WARN_OBJC_LITERAL_CONVERSION = YES;
				CLANG_WARN_OBJC_ROOT_CLASS = YES_ERROR;
				CLANG_WARN_QUOTED_INCLUDE_IN_FRAMEWORK_HEADER = YES;
				CLANG_WARN_RANGE_LOOP_ANALYSIS = YES;
				CLANG_WARN_STRICT_PROTOTYPES = YES;
				CLANG_WARN_SUSPICIOUS_MOVE = YES;
				CLANG_WARN_UNGUARDED_AVAILABILITY = YES_AGGRESSIVE;
				CLANG_WARN_UNREACHABLE_CODE = YES;
				CLANG_WARN__DUPLICATE_METHOD_MATCH = YES;
				COPY_PHASE_STRIP = NO;
				DEBUG_INFORMATION_FORMAT = "dwarf-with-dsym";
				ENABLE_NS_ASSERTIONS = NO;
				ENABLE_STRICT_OBJC_MSGSEND = YES;
				GCC_C_LANGUAGE_STANDARD = gnu11;
				GCC_NO_COMMON_BLOCKS = YES;
				GCC_WARN_64_TO_32_BIT_CONVERSION = YES;
				GCC_WARN_ABOUT_RETURN_TYPE = YES_ERROR;
				GCC_WARN_UNDECLARED_SELECTOR = YES;
				GCC_WARN_UNINITIALIZED_AUTOS = YES_AGGRESSIVE;
				GCC_WARN_UNUSED_FUNCTION = YES;
				GCC_WARN_UNUSED_VARIABLE = YES;
				IPHONEOS_DEPLOYMENT_TARGET = 14.2;
				MTL_ENABLE_DEBUG_INFO = NO;
				MTL_FAST_MATH = YES;
				SDKROOT = iphoneos;
				SWIFT_COMPILATION_MODE = wholemodule;
				SWIFT_OPTIMIZATION_LEVEL = "-O";
				VALIDATE_PRODUCT = YES;
			};
			name = Release;
		};
		857042AF257EA39B00E11191 /* Debug */ = {
			isa = XCBuildConfiguration;
			buildSettings = {
				ASSETCATALOG_COMPILER_APPICON_NAME = AppIcon;
				ASSETCATALOG_COMPILER_GLOBAL_ACCENT_COLOR_NAME = AccentColor;
				CODE_SIGN_STYLE = Automatic;
				DEVELOPMENT_TEAM = RTRWQZT32D;
				INFOPLIST_FILE = customCell_5/Info.plist;
				IPHONEOS_DEPLOYMENT_TARGET = 13.0;
				LD_RUNPATH_SEARCH_PATHS = (
					"$(inherited)",
					"@executable_path/Frameworks",
				);
				PRODUCT_BUNDLE_IDENTIFIER = "no.customCell-5";
				PRODUCT_NAME = "$(TARGET_NAME)";
				SWIFT_VERSION = 5.0;
				TARGETED_DEVICE_FAMILY = "1,2";
			};
			name = Debug;
		};
		857042B0257EA39B00E11191 /* Release */ = {
			isa = XCBuildConfiguration;
			buildSettings = {
				ASSETCATALOG_COMPILER_APPICON_NAME = AppIcon;
				ASSETCATALOG_COMPILER_GLOBAL_ACCENT_COLOR_NAME = AccentColor;
				CODE_SIGN_STYLE = Automatic;
				DEVELOPMENT_TEAM = RTRWQZT32D;
				INFOPLIST_FILE = customCell_5/Info.plist;
				IPHONEOS_DEPLOYMENT_TARGET = 13.0;
				LD_RUNPATH_SEARCH_PATHS = (
					"$(inherited)",
					"@executable_path/Frameworks",
				);
				PRODUCT_BUNDLE_IDENTIFIER = "no.customCell-5";
				PRODUCT_NAME = "$(TARGET_NAME)";
				SWIFT_VERSION = 5.0;
				TARGETED_DEVICE_FAMILY = "1,2";
			};
			name = Release;
		};
/* End XCBuildConfiguration section */

/* Begin XCConfigurationList section */
		85704295257EA39A00E11191 /* Build configuration list for PBXProject "customCell_5" */ = {
			isa = XCConfigurationList;
			buildConfigurations = (
				857042AC257EA39B00E11191 /* Debug */,
				857042AD257EA39B00E11191 /* Release */,
			);
			defaultConfigurationIsVisible = 0;
			defaultConfigurationName = Release;
		};
		857042AE257EA39B00E11191 /* Build configuration list for PBXNativeTarget "customCell_5" */ = {
			isa = XCConfigurationList;
			buildConfigurations = (
				857042AF257EA39B00E11191 /* Debug */,
				857042B0257EA39B00E11191 /* Release */,
			);
			defaultConfigurationIsVisible = 0;
			defaultConfigurationName = Release;
		};
/* End XCConfigurationList section */
	};
	rootObject = 85704292257EA39A00E11191 /* Project object */;
}
