// !$*UTF8*$!
{
	archiveVersion = 1;
	classes = {
	};
	objectVersion = 50;
	objects = {

/* Begin PBXBuildFile section */
		852F37252577F7F9003EA500 /* AppDelegate.swift in Sources */ = {isa = PBXBuildFile; fileRef = 852F37242577F7F9003EA500 /* AppDelegate.swift */; };
		852F37272577F7F9003EA500 /* SceneDelegate.swift in Sources */ = {isa = PBXBuildFile; fileRef = 852F37262577F7F9003EA500 /* SceneDelegate.swift */; };
		852F372C2577F7F9003EA500 /* Main.storyboard in Resources */ = {isa = PBXBuildFile; fileRef = 852F372A2577F7F9003EA500 /* Main.storyboard */; };
		852F372F2577F7F9003EA500 /* xibTableCell.xcdatamodeld in Sources */ = {isa = PBXBuildFile; fileRef = 852F372D2577F7F9003EA500 /* xibTableCell.xcdatamodeld */; };
		852F37312577F7FA003EA500 /* Assets.xcassets in Resources */ = {isa = PBXBuildFile; fileRef = 852F37302577F7FA003EA500 /* Assets.xcassets */; };
		852F37342577F7FA003EA500 /* LaunchScreen.storyboard in Resources */ = {isa = PBXBuildFile; fileRef = 852F37322577F7FA003EA500 /* LaunchScreen.storyboard */; };
		852F37412577F859003EA500 /* TableViewCell.swift in Sources */ = {isa = PBXBuildFile; fileRef = 852F373F2577F859003EA500 /* TableViewCell.swift */; };
		852F37422577F859003EA500 /* TableViewCell.xib in Resources */ = {isa = PBXBuildFile; fileRef = 852F37402577F859003EA500 /* TableViewCell.xib */; };
		852F37472577FB5E003EA500 /* TableViewController.swift in Sources */ = {isa = PBXBuildFile; fileRef = 852F37462577FB5E003EA500 /* TableViewController.swift */; };
/* End PBXBuildFile section */

/* Begin PBXFileReference section */
		852F37212577F7F9003EA500 /* xibTableCell.app */ = {isa = PBXFileReference; explicitFileType = wrapper.application; includeInIndex = 0; path = xibTableCell.app; sourceTree = BUILT_PRODUCTS_DIR; };
		852F37242577F7F9003EA500 /* AppDelegate.swift */ = {isa = PBXFileReference; lastKnownFileType = sourcecode.swift; path = AppDelegate.swift; sourceTree = "<group>"; };
		852F37262577F7F9003EA500 /* SceneDelegate.swift */ = {isa = PBXFileReference; lastKnownFileType = sourcecode.swift; path = SceneDelegate.swift; sourceTree = "<group>"; };
		852F372B2577F7F9003EA500 /* Base */ = {isa = PBXFileReference; lastKnownFileType = file.storyboard; name = Base; path = Base.lproj/Main.storyboard; sourceTree = "<group>"; };
		852F372E2577F7F9003EA500 /* xibTableCell.xcdatamodel */ = {isa = PBXFileReference; lastKnownFileType = wrapper.xcdatamodel; path = xibTableCell.xcdatamodel; sourceTree = "<group>"; };
		852F37302577F7FA003EA500 /* Assets.xcassets */ = {isa = PBXFileReference; lastKnownFileType = folder.assetcatalog; path = Assets.xcassets; sourceTree = "<group>"; };
		852F37332577F7FA003EA500 /* Base */ = {isa = PBXFileReference; lastKnownFileType = file.storyboard; name = Base; path = Base.lproj/LaunchScreen.storyboard; sourceTree = "<group>"; };
		852F37352577F7FA003EA500 /* Info.plist */ = {isa = PBXFileReference; lastKnownFileType = text.plist.xml; path = Info.plist; sourceTree = "<group>"; };
		852F373F2577F859003EA500 /* TableViewCell.swift */ = {isa = PBXFileReference; lastKnownFileType = sourcecode.swift; path = TableViewCell.swift; sourceTree = "<group>"; };
		852F37402577F859003EA500 /* TableViewCell.xib */ = {isa = PBXFileReference; lastKnownFileType = file.xib; path = TableViewCell.xib; sourceTree = "<group>"; };
		852F37462577FB5E003EA500 /* TableViewController.swift */ = {isa = PBXFileReference; lastKnownFileType = sourcecode.swift; path = TableViewController.swift; sourceTree = "<group>"; };
/* End PBXFileReference section */

/* Begin PBXFrameworksBuildPhase section */
		852F371E2577F7F9003EA500 /* Frameworks */ = {
			isa = PBXFrameworksBuildPhase;
			buildActionMask = 2147483647;
			files = (
			);
			runOnlyForDeploymentPostprocessing = 0;
		};
/* End PBXFrameworksBuildPhase section */

/* Begin PBXGroup section */
		852F37182577F7F9003EA500 = {
			isa = PBXGroup;
			children = (
				852F37232577F7F9003EA500 /* xibTableCell */,
				852F37222577F7F9003EA500 /* Products */,
			);
			sourceTree = "<group>";
		};
		852F37222577F7F9003EA500 /* Products */ = {
			isa = PBXGroup;
			children = (
				852F37212577F7F9003EA500 /* xibTableCell.app */,
			);
			name = Products;
			sourceTree = "<group>";
		};
		852F37232577F7F9003EA500 /* xibTableCell */ = {
			isa = PBXGroup;
			children = (
				852F37242577F7F9003EA500 /* AppDelegate.swift */,
				852F37262577F7F9003EA500 /* SceneDelegate.swift */,
				852F37462577FB5E003EA500 /* TableViewController.swift */,
				852F373F2577F859003EA500 /* TableViewCell.swift */,
				852F37402577F859003EA500 /* TableViewCell.xib */,
				852F372A2577F7F9003EA500 /* Main.storyboard */,
				852F37302577F7FA003EA500 /* Assets.xcassets */,
				852F37322577F7FA003EA500 /* LaunchScreen.storyboard */,
				852F37352577F7FA003EA500 /* Info.plist */,
				852F372D2577F7F9003EA500 /* xibTableCell.xcdatamodeld */,
			);
			path = xibTableCell;
			sourceTree = "<group>";
		};
/* End PBXGroup section */

/* Begin PBXNativeTarget section */
		852F37202577F7F9003EA500 /* xibTableCell */ = {
			isa = PBXNativeTarget;
			buildConfigurationList = 852F37382577F7FA003EA500 /* Build configuration list for PBXNativeTarget "xibTableCell" */;
			buildPhases = (
				852F371D2577F7F9003EA500 /* Sources */,
				852F371E2577F7F9003EA500 /* Frameworks */,
				852F371F2577F7F9003EA500 /* Resources */,
			);
			buildRules = (
			);
			dependencies = (
			);
			name = xibTableCell;
			productName = xibTableCell;
			productReference = 852F37212577F7F9003EA500 /* xibTableCell.app */;
			productType = "com.apple.product-type.application";
		};
/* End PBXNativeTarget section */

/* Begin PBXProject section */
		852F37192577F7F9003EA500 /* Project object */ = {
			isa = PBXProject;
			attributes = {
				LastSwiftUpdateCheck = 1220;
				LastUpgradeCheck = 1220;
				TargetAttributes = {
					852F37202577F7F9003EA500 = {
						CreatedOnToolsVersion = 12.2;
					};
				};
			};
			buildConfigurationList = 852F371C2577F7F9003EA500 /* Build configuration list for PBXProject "xibTableCell" */;
			compatibilityVersion = "Xcode 9.3";
			developmentRegion = en;
			hasScannedForEncodings = 0;
			knownRegions = (
				en,
				Base,
			);
			mainGroup = 852F37182577F7F9003EA500;
			productRefGroup = 852F37222577F7F9003EA500 /* Products */;
			projectDirPath = "";
			projectRoot = "";
			targets = (
				852F37202577F7F9003EA500 /* xibTableCell */,
			);
		};
/* End PBXProject section */

/* Begin PBXResourcesBuildPhase section */
		852F371F2577F7F9003EA500 /* Resources */ = {
			isa = PBXResourcesBuildPhase;
			buildActionMask = 2147483647;
			files = (
				852F37342577F7FA003EA500 /* LaunchScreen.storyboard in Resources */,
				852F37422577F859003EA500 /* TableViewCell.xib in Resources */,
				852F37312577F7FA003EA500 /* Assets.xcassets in Resources */,
				852F372C2577F7F9003EA500 /* Main.storyboard in Resources */,
			);
			runOnlyForDeploymentPostprocessing = 0;
		};
/* End PBXResourcesBuildPhase section */

/* Begin PBXSourcesBuildPhase section */
		852F371D2577F7F9003EA500 /* Sources */ = {
			isa = PBXSourcesBuildPhase;
			buildActionMask = 2147483647;
			files = (
				852F37412577F859003EA500 /* TableViewCell.swift in Sources */,
				852F37472577FB5E003EA500 /* TableViewController.swift in Sources */,
				852F372F2577F7F9003EA500 /* xibTableCell.xcdatamodeld in Sources */,
				852F37252577F7F9003EA500 /* AppDelegate.swift in Sources */,
				852F37272577F7F9003EA500 /* SceneDelegate.swift in Sources */,
			);
			runOnlyForDeploymentPostprocessing = 0;
		};
/* End PBXSourcesBuildPhase section */

/* Begin PBXVariantGroup section */
		852F372A2577F7F9003EA500 /* Main.storyboard */ = {
			isa = PBXVariantGroup;
			children = (
				852F372B2577F7F9003EA500 /* Base */,
			);
			name = Main.storyboard;
			sourceTree = "<group>";
		};
		852F37322577F7FA003EA500 /* LaunchScreen.storyboard */ = {
			isa = PBXVariantGroup;
			children = (
				852F37332577F7FA003EA500 /* Base */,
			);
			name = LaunchScreen.storyboard;
			sourceTree = "<group>";
		};
/* End PBXVariantGroup section */

/* Begin XCBuildConfiguration section */
		852F37362577F7FA003EA500 /* Debug */ = {
			isa = XCBuildConfiguration;
			buildSettings = {
				ALWAYS_SEARCH_USER_PATHS = NO;
				CLANG_ANALYZER_NONNULL = YES;
				CLANG_ANALYZER_NUMBER_OBJECT_CONVERSION = YES_AGGRESSIVE;
				CLANG_CXX_LANGUAGE_STANDARD = "gnu++14";
				CLANG_CXX_LIBRARY = "libc++";
				CLANG_ENABLE_MODULES = YES;
				CLANG_ENABLE_OBJC_ARC = YES;
				CLANG_ENABLE_OBJC_WEAK = YES;
				CLANG_WARN_BLOCK_CAPTURE_AUTORELEASING = YES;
				CLANG_WARN_BOOL_CONVERSION = YES;
				CLANG_WARN_COMMA = YES;
				CLANG_WARN_CONSTANT_CONVERSION = YES;
				CLANG_WARN_DEPRECATED_OBJC_IMPLEMENTATIONS = YES;
				CLANG_WARN_DIRECT_OBJC_ISA_USAGE = YES_ERROR;
				CLANG_WARN_DOCUMENTATION_COMMENTS = YES;
				CLANG_WARN_EMPTY_BODY = YES;
				CLANG_WARN_ENUM_CONVERSION = YES;
				CLANG_WARN_INFINITE_RECURSION = YES;
				CLANG_WARN_INT_CONVERSION = YES;
				CLANG_WARN_NON_LITERAL_NULL_CONVERSION = YES;
				CLANG_WARN_OBJC_IMPLICIT_RETAIN_SELF = YES;
				CLANG_WARN_OBJC_LITERAL_CONVERSION = YES;
				CLANG_WARN_OBJC_ROOT_CLASS = YES_ERROR;
				CLANG_WARN_QUOTED_INCLUDE_IN_FRAMEWORK_HEADER = YES;
				CLANG_WARN_RANGE_LOOP_ANALYSIS = YES;
				CLANG_WARN_STRICT_PROTOTYPES = YES;
				CLANG_WARN_SUSPICIOUS_MOVE = YES;
				CLANG_WARN_UNGUARDED_AVAILABILITY = YES_AGGRESSIVE;
				CLANG_WARN_UNREACHABLE_CODE = YES;
				CLANG_WARN__DUPLICATE_METHOD_MATCH = YES;
				COPY_PHASE_STRIP = NO;
				DEBUG_INFORMATION_FORMAT = dwarf;
				ENABLE_STRICT_OBJC_MSGSEND = YES;
				ENABLE_TESTABILITY = YES;
				GCC_C_LANGUAGE_STANDARD = gnu11;
				GCC_DYNAMIC_NO_PIC = NO;
				GCC_NO_COMMON_BLOCKS = YES;
				GCC_OPTIMIZATION_LEVEL = 0;
				GCC_PREPROCESSOR_DEFINITIONS = (
					"DEBUG=1",
					"$(inherited)",
				);
				GCC_WARN_64_TO_32_BIT_CONVERSION = YES;
				GCC_WARN_ABOUT_RETURN_TYPE = YES_ERROR;
				GCC_WARN_UNDECLARED_SELECTOR = YES;
				GCC_WARN_UNINITIALIZED_AUTOS = YES_AGGRESSIVE;
				GCC_WARN_UNUSED_FUNCTION = YES;
				GCC_WARN_UNUSED_VARIABLE = YES;
				IPHONEOS_DEPLOYMENT_TARGET = 14.2;
				MTL_ENABLE_DEBUG_INFO = INCLUDE_SOURCE;
				MTL_FAST_MATH = YES;
				ONLY_ACTIVE_ARCH = YES;
				SDKROOT = iphoneos;
				SWIFT_ACTIVE_COMPILATION_CONDITIONS = DEBUG;
				SWIFT_OPTIMIZATION_LEVEL = "-Onone";
			};
			name = Debug;
		};
		852F37372577F7FA003EA500 /* Release */ = {
			isa = XCBuildConfiguration;
			buildSettings = {
				ALWAYS_SEARCH_USER_PATHS = NO;
				CLANG_ANALYZER_NONNULL = YES;
				CLANG_ANALYZER_NUMBER_OBJECT_CONVERSION = YES_AGGRESSIVE;
				CLANG_CXX_LANGUAGE_STANDARD = "gnu++14";
				CLANG_CXX_LIBRARY = "libc++";
				CLANG_ENABLE_MODULES = YES;
				CLANG_ENABLE_OBJC_ARC = YES;
				CLANG_ENABLE_OBJC_WEAK = YES;
				CLANG_WARN_BLOCK_CAPTURE_AUTORELEASING = YES;
				CLANG_WARN_BOOL_CONVERSION = YES;
				CLANG_WARN_COMMA = YES;
				CLANG_WARN_CONSTANT_CONVERSION = YES;
				CLANG_WARN_DEPRECATED_OBJC_IMPLEMENTATIONS = YES;
				CLANG_WARN_DIRECT_OBJC_ISA_USAGE = YES_ERROR;
				CLANG_WARN_DOCUMENTATION_COMMENTS = YES;
				CLANG_WARN_EMPTY_BODY = YES;
				CLANG_WARN_ENUM_CONVERSION = YES;
				CLANG_WARN_INFINITE_RECURSION = YES;
				CLANG_WARN_INT_CONVERSION = YES;
				CLANG_WARN_NON_LITERAL_NULL_CONVERSION = YES;
				CLANG_WARN_OBJC_IMPLICIT_RETAIN_SELF = YES;
				CLANG_WARN_OBJC_LITERAL_CONVERSION = YES;
				CLANG_WARN_OBJC_ROOT_CLASS = YES_ERROR;
				CLANG_WARN_QUOTED_INCLUDE_IN_FRAMEWORK_HEADER = YES;
				CLANG_WARN_RANGE_LOOP_ANALYSIS = YES;
				CLANG_WARN_STRICT_PROTOTYPES = YES;
				CLANG_WARN_SUSPICIOUS_MOVE = YES;
				CLANG_WARN_UNGUARDED_AVAILABILITY = YES_AGGRESSIVE;
				CLANG_WARN_UNREACHABLE_CODE = YES;
				CLANG_WARN__DUPLICATE_METHOD_MATCH = YES;
				COPY_PHASE_STRIP = NO;
				DEBUG_INFORMATION_FORMAT = "dwarf-with-dsym";
				ENABLE_NS_ASSERTIONS = NO;
				ENABLE_STRICT_OBJC_MSGSEND = YES;
				GCC_C_LANGUAGE_STANDARD = gnu11;
				GCC_NO_COMMON_BLOCKS = YES;
				GCC_WARN_64_TO_32_BIT_CONVERSION = YES;
				GCC_WARN_ABOUT_RETURN_TYPE = YES_ERROR;
				GCC_WARN_UNDECLARED_SELECTOR = YES;
				GCC_WARN_UNINITIALIZED_AUTOS = YES_AGGRESSIVE;
				GCC_WARN_UNUSED_FUNCTION = YES;
				GCC_WARN_UNUSED_VARIABLE = YES;
				IPHONEOS_DEPLOYMENT_TARGET = 14.2;
				MTL_ENABLE_DEBUG_INFO = NO;
				MTL_FAST_MATH = YES;
				SDKROOT = iphoneos;
				SWIFT_COMPILATION_MODE = wholemodule;
				SWIFT_OPTIMIZATION_LEVEL = "-O";
				VALIDATE_PRODUCT = YES;
			};
			name = Release;
		};
		852F37392577F7FA003EA500 /* Debug */ = {
			isa = XCBuildConfiguration;
			buildSettings = {
				ASSETCATALOG_COMPILER_APPICON_NAME = AppIcon;
				ASSETCATALOG_COMPILER_GLOBAL_ACCENT_COLOR_NAME = AccentColor;
				CODE_SIGN_STYLE = Automatic;
				INFOPLIST_FILE = xibTableCell/Info.plist;
				LD_RUNPATH_SEARCH_PATHS = (
					"$(inherited)",
					"@executable_path/Frameworks",
				);
				PRODUCT_BUNDLE_IDENTIFIER = no.xibTableCell;
				PRODUCT_NAME = "$(TARGET_NAME)";
				SWIFT_VERSION = 5.0;
				TARGETED_DEVICE_FAMILY = "1,2";
			};
			name = Debug;
		};
		852F373A2577F7FA003EA500 /* Release */ = {
			isa = XCBuildConfiguration;
			buildSettings = {
				ASSETCATALOG_COMPILER_APPICON_NAME = AppIcon;
				ASSETCATALOG_COMPILER_GLOBAL_ACCENT_COLOR_NAME = AccentColor;
				CODE_SIGN_STYLE = Automatic;
				INFOPLIST_FILE = xibTableCell/Info.plist;
				LD_RUNPATH_SEARCH_PATHS = (
					"$(inherited)",
					"@executable_path/Frameworks",
				);
				PRODUCT_BUNDLE_IDENTIFIER = no.xibTableCell;
				PRODUCT_NAME = "$(TARGET_NAME)";
				SWIFT_VERSION = 5.0;
				TARGETED_DEVICE_FAMILY = "1,2";
			};
			name = Release;
		};
/* End XCBuildConfiguration section */

/* Begin XCConfigurationList section */
		852F371C2577F7F9003EA500 /* Build configuration list for PBXProject "xibTableCell" */ = {
			isa = XCConfigurationList;
			buildConfigurations = (
				852F37362577F7FA003EA500 /* Debug */,
				852F37372577F7FA003EA500 /* Release */,
			);
			defaultConfigurationIsVisible = 0;
			defaultConfigurationName = Release;
		};
		852F37382577F7FA003EA500 /* Build configuration list for PBXNativeTarget "xibTableCell" */ = {
			isa = XCConfigurationList;
			buildConfigurations = (
				852F37392577F7FA003EA500 /* Debug */,
				852F373A2577F7FA003EA500 /* Release */,
			);
			defaultConfigurationIsVisible = 0;
			defaultConfigurationName = Release;
		};
/* End XCConfigurationList section */

/* Begin XCVersionGroup section */
		852F372D2577F7F9003EA500 /* xibTableCell.xcdatamodeld */ = {
			isa = XCVersionGroup;
			children = (
				852F372E2577F7F9003EA500 /* xibTableCell.xcdatamodel */,
			);
			currentVersion = 852F372E2577F7F9003EA500 /* xibTableCell.xcdatamodel */;
			path = xibTableCell.xcdatamodeld;
			sourceTree = "<group>";
			versionGroupType = wrapper.xcdatamodel;
		};
/* End XCVersionGroup section */
	};
	rootObject = 852F37192577F7F9003EA500 /* Project object */;
}
