// !$*UTF8*$!
{
	archiveVersion = 1;
	classes = {
	};
	objectVersion = 50;
	objects = {

/* Begin PBXBuildFile section */
		856F0CDB257933E000D247F4 /* AppDelegate.swift in Sources */ = {isa = PBXBuildFile; fileRef = 856F0CDA257933E000D247F4 /* AppDelegate.swift */; };
		856F0CDD257933E000D247F4 /* SceneDelegate.swift in Sources */ = {isa = PBXBuildFile; fileRef = 856F0CDC257933E000D247F4 /* SceneDelegate.swift */; };
		856F0CDF257933E000D247F4 /* ViewController.swift in Sources */ = {isa = PBXBuildFile; fileRef = 856F0CDE257933E000D247F4 /* ViewController.swift */; };
		856F0CE2257933E000D247F4 /* Main.storyboard in Resources */ = {isa = PBXBuildFile; fileRef = 856F0CE0257933E000D247F4 /* Main.storyboard */; };
		856F0CE4257933E100D247F4 /* Assets.xcassets in Resources */ = {isa = PBXBuildFile; fileRef = 856F0CE3257933E100D247F4 /* Assets.xcassets */; };
		856F0CE7257933E100D247F4 /* LaunchScreen.storyboard in Resources */ = {isa = PBXBuildFile; fileRef = 856F0CE5257933E100D247F4 /* LaunchScreen.storyboard */; };
		856F0CF12579340F00D247F4 /* TestView.xib in Resources */ = {isa = PBXBuildFile; fileRef = 856F0CF02579340F00D247F4 /* TestView.xib */; };
		856F0CF4257934F200D247F4 /* TestView.swift in Sources */ = {isa = PBXBuildFile; fileRef = 856F0CF3257934F200D247F4 /* TestView.swift */; };
/* End PBXBuildFile section */

/* Begin PBXFileReference section */
		856F0CD7257933E000D247F4 /* xibStudy.app */ = {isa = PBXFileReference; explicitFileType = wrapper.application; includeInIndex = 0; path = xibStudy.app; sourceTree = BUILT_PRODUCTS_DIR; };
		856F0CDA257933E000D247F4 /* AppDelegate.swift */ = {isa = PBXFileReference; lastKnownFileType = sourcecode.swift; path = AppDelegate.swift; sourceTree = "<group>"; };
		856F0CDC257933E000D247F4 /* SceneDelegate.swift */ = {isa = PBXFileReference; lastKnownFileType = sourcecode.swift; path = SceneDelegate.swift; sourceTree = "<group>"; };
		856F0CDE257933E000D247F4 /* ViewController.swift */ = {isa = PBXFileReference; lastKnownFileType = sourcecode.swift; path = ViewController.swift; sourceTree = "<group>"; };
		856F0CE1257933E000D247F4 /* Base */ = {isa = PBXFileReference; lastKnownFileType = file.storyboard; name = Base; path = Base.lproj/Main.storyboard; sourceTree = "<group>"; };
		856F0CE3257933E100D247F4 /* Assets.xcassets */ = {isa = PBXFileReference; lastKnownFileType = folder.assetcatalog; path = Assets.xcassets; sourceTree = "<group>"; };
		856F0CE6257933E100D247F4 /* Base */ = {isa = PBXFileReference; lastKnownFileType = file.storyboard; name = Base; path = Base.lproj/LaunchScreen.storyboard; sourceTree = "<group>"; };
		856F0CE8257933E100D247F4 /* Info.plist */ = {isa = PBXFileReference; lastKnownFileType = text.plist.xml; path = Info.plist; sourceTree = "<group>"; };
		856F0CF02579340F00D247F4 /* TestView.xib */ = {isa = PBXFileReference; lastKnownFileType = file.xib; path = TestView.xib; sourceTree = "<group>"; };
		856F0CF3257934F200D247F4 /* TestView.swift */ = {isa = PBXFileReference; lastKnownFileType = sourcecode.swift; path = TestView.swift; sourceTree = "<group>"; };
/* End PBXFileReference section */

/* Begin PBXFrameworksBuildPhase section */
		856F0CD4257933E000D247F4 /* Frameworks */ = {
			isa = PBXFrameworksBuildPhase;
			buildActionMask = 2147483647;
			files = (
			);
			runOnlyForDeploymentPostprocessing = 0;
		};
/* End PBXFrameworksBuildPhase section */

/* Begin PBXGroup section */
		856F0CCE257933E000D247F4 = {
			isa = PBXGroup;
			children = (
				856F0CD9257933E000D247F4 /* xibStudy */,
				856F0CD8257933E000D247F4 /* Products */,
			);
			sourceTree = "<group>";
		};
		856F0CD8257933E000D247F4 /* Products */ = {
			isa = PBXGroup;
			children = (
				856F0CD7257933E000D247F4 /* xibStudy.app */,
			);
			name = Products;
			sourceTree = "<group>";
		};
		856F0CD9257933E000D247F4 /* xibStudy */ = {
			isa = PBXGroup;
			children = (
				856F0CDA257933E000D247F4 /* AppDelegate.swift */,
				856F0CDC257933E000D247F4 /* SceneDelegate.swift */,
				856F0CDE257933E000D247F4 /* ViewController.swift */,
				856F0CF3257934F200D247F4 /* TestView.swift */,
				856F0CF02579340F00D247F4 /* TestView.xib */,
				856F0CE0257933E000D247F4 /* Main.storyboard */,
				856F0CE3257933E100D247F4 /* Assets.xcassets */,
				856F0CE5257933E100D247F4 /* LaunchScreen.storyboard */,
				856F0CE8257933E100D247F4 /* Info.plist */,
			);
			path = xibStudy;
			sourceTree = "<group>";
		};
/* End PBXGroup section */

/* Begin PBXNativeTarget section */
		856F0CD6257933E000D247F4 /* xibStudy */ = {
			isa = PBXNativeTarget;
			buildConfigurationList = 856F0CEB257933E100D247F4 /* Build configuration list for PBXNativeTarget "xibStudy" */;
			buildPhases = (
				856F0CD3257933E000D247F4 /* Sources */,
				856F0CD4257933E000D247F4 /* Frameworks */,
				856F0CD5257933E000D247F4 /* Resources */,
			);
			buildRules = (
			);
			dependencies = (
			);
			name = xibStudy;
			productName = xibStudy;
			productReference = 856F0CD7257933E000D247F4 /* xibStudy.app */;
			productType = "com.apple.product-type.application";
		};
/* End PBXNativeTarget section */

/* Begin PBXProject section */
		856F0CCF257933E000D247F4 /* Project object */ = {
			isa = PBXProject;
			attributes = {
				LastSwiftUpdateCheck = 1220;
				LastUpgradeCheck = 1220;
				TargetAttributes = {
					856F0CD6257933E000D247F4 = {
						CreatedOnToolsVersion = 12.2;
					};
				};
			};
			buildConfigurationList = 856F0CD2257933E000D247F4 /* Build configuration list for PBXProject "xibStudy" */;
			compatibilityVersion = "Xcode 9.3";
			developmentRegion = en;
			hasScannedForEncodings = 0;
			knownRegions = (
				en,
				Base,
			);
			mainGroup = 856F0CCE257933E000D247F4;
			productRefGroup = 856F0CD8257933E000D247F4 /* Products */;
			projectDirPath = "";
			projectRoot = "";
			targets = (
				856F0CD6257933E000D247F4 /* xibStudy */,
			);
		};
/* End PBXProject section */

/* Begin PBXResourcesBuildPhase section */
		856F0CD5257933E000D247F4 /* Resources */ = {
			isa = PBXResourcesBuildPhase;
			buildActionMask = 2147483647;
			files = (
				856F0CF12579340F00D247F4 /* TestView.xib in Resources */,
				856F0CE7257933E100D247F4 /* LaunchScreen.storyboard in Resources */,
				856F0CE4257933E100D247F4 /* Assets.xcassets in Resources */,
				856F0CE2257933E000D247F4 /* Main.storyboard in Resources */,
			);
			runOnlyForDeploymentPostprocessing = 0;
		};
/* End PBXResourcesBuildPhase section */

/* Begin PBXSourcesBuildPhase section */
		856F0CD3257933E000D247F4 /* Sources */ = {
			isa = PBXSourcesBuildPhase;
			buildActionMask = 2147483647;
			files = (
				856F0CF4257934F200D247F4 /* TestView.swift in Sources */,
				856F0CDF257933E000D247F4 /* ViewController.swift in Sources */,
				856F0CDB257933E000D247F4 /* AppDelegate.swift in Sources */,
				856F0CDD257933E000D247F4 /* SceneDelegate.swift in Sources */,
			);
			runOnlyForDeploymentPostprocessing = 0;
		};
/* End PBXSourcesBuildPhase section */

/* Begin PBXVariantGroup section */
		856F0CE0257933E000D247F4 /* Main.storyboard */ = {
			isa = PBXVariantGroup;
			children = (
				856F0CE1257933E000D247F4 /* Base */,
			);
			name = Main.storyboard;
			sourceTree = "<group>";
		};
		856F0CE5257933E100D247F4 /* LaunchScreen.storyboard */ = {
			isa = PBXVariantGroup;
			children = (
				856F0CE6257933E100D247F4 /* Base */,
			);
			name = LaunchScreen.storyboard;
			sourceTree = "<group>";
		};
/* End PBXVariantGroup section */

/* Begin XCBuildConfiguration section */
		856F0CE9257933E100D247F4 /* Debug */ = {
			isa = XCBuildConfiguration;
			buildSettings = {
				ALWAYS_SEARCH_USER_PATHS = NO;
				CLANG_ANALYZER_NONNULL = YES;
				CLANG_ANALYZER_NUMBER_OBJECT_CONVERSION = YES_AGGRESSIVE;
				CLANG_CXX_LANGUAGE_STANDARD = "gnu++14";
				CLANG_CXX_LIBRARY = "libc++";
				CLANG_ENABLE_MODULES = YES;
				CLANG_ENABLE_OBJC_ARC = YES;
				CLANG_ENABLE_OBJC_WEAK = YES;
				CLANG_WARN_BLOCK_CAPTURE_AUTORELEASING = YES;
				CLANG_WARN_BOOL_CONVERSION = YES;
				CLANG_WARN_COMMA = YES;
				CLANG_WARN_CONSTANT_CONVERSION = YES;
				CLANG_WARN_DEPRECATED_OBJC_IMPLEMENTATIONS = YES;
				CLANG_WARN_DIRECT_OBJC_ISA_USAGE = YES_ERROR;
				CLANG_WARN_DOCUMENTATION_COMMENTS = YES;
				CLANG_WARN_EMPTY_BODY = YES;
				CLANG_WARN_ENUM_CONVERSION = YES;
				CLANG_WARN_INFINITE_RECURSION = YES;
				CLANG_WARN_INT_CONVERSION = YES;
				CLANG_WARN_NON_LITERAL_NULL_CONVERSION = YES;
				CLANG_WARN_OBJC_IMPLICIT_RETAIN_SELF = YES;
				CLANG_WARN_OBJC_LITERAL_CONVERSION = YES;
				CLANG_WARN_OBJC_ROOT_CLASS = YES_ERROR;
				CLANG_WARN_QUOTED_INCLUDE_IN_FRAMEWORK_HEADER = YES;
				CLANG_WARN_RANGE_LOOP_ANALYSIS = YES;
				CLANG_WARN_STRICT_PROTOTYPES = YES;
				CLANG_WARN_SUSPICIOUS_MOVE = YES;
				CLANG_WARN_UNGUARDED_AVAILABILITY = YES_AGGRESSIVE;
				CLANG_WARN_UNREACHABLE_CODE = YES;
				CLANG_WARN__DUPLICATE_METHOD_MATCH = YES;
				COPY_PHASE_STRIP = NO;
				DEBUG_INFORMATION_FORMAT = dwarf;
				ENABLE_STRICT_OBJC_MSGSEND = YES;
				ENABLE_TESTABILITY = YES;
				GCC_C_LANGUAGE_STANDARD = gnu11;
				GCC_DYNAMIC_NO_PIC = NO;
				GCC_NO_COMMON_BLOCKS = YES;
				GCC_OPTIMIZATION_LEVEL = 0;
				GCC_PREPROCESSOR_DEFINITIONS = (
					"DEBUG=1",
					"$(inherited)",
				);
				GCC_WARN_64_TO_32_BIT_CONVERSION = YES;
				GCC_WARN_ABOUT_RETURN_TYPE = YES_ERROR;
				GCC_WARN_UNDECLARED_SELECTOR = YES;
				GCC_WARN_UNINITIALIZED_AUTOS = YES_AGGRESSIVE;
				GCC_WARN_UNUSED_FUNCTION = YES;
				GCC_WARN_UNUSED_VARIABLE = YES;
				IPHONEOS_DEPLOYMENT_TARGET = 14.2;
				MTL_ENABLE_DEBUG_INFO = INCLUDE_SOURCE;
				MTL_FAST_MATH = YES;
				ONLY_ACTIVE_ARCH = YES;
				SDKROOT = iphoneos;
				SWIFT_ACTIVE_COMPILATION_CONDITIONS = DEBUG;
				SWIFT_OPTIMIZATION_LEVEL = "-Onone";
			};
			name = Debug;
		};
		856F0CEA257933E100D247F4 /* Release */ = {
			isa = XCBuildConfiguration;
			buildSettings = {
				ALWAYS_SEARCH_USER_PATHS = NO;
				CLANG_ANALYZER_NONNULL = YES;
				CLANG_ANALYZER_NUMBER_OBJECT_CONVERSION = YES_AGGRESSIVE;
				CLANG_CXX_LANGUAGE_STANDARD = "gnu++14";
				CLANG_CXX_LIBRARY = "libc++";
				CLANG_ENABLE_MODULES = YES;
				CLANG_ENABLE_OBJC_ARC = YES;
				CLANG_ENABLE_OBJC_WEAK = YES;
				CLANG_WARN_BLOCK_CAPTURE_AUTORELEASING = YES;
				CLANG_WARN_BOOL_CONVERSION = YES;
				CLANG_WARN_COMMA = YES;
				CLANG_WARN_CONSTANT_CONVERSION = YES;
				CLANG_WARN_DEPRECATED_OBJC_IMPLEMENTATIONS = YES;
				CLANG_WARN_DIRECT_OBJC_ISA_USAGE = YES_ERROR;
				CLANG_WARN_DOCUMENTATION_COMMENTS = YES;
				CLANG_WARN_EMPTY_BODY = YES;
				CLANG_WARN_ENUM_CONVERSION = YES;
				CLANG_WARN_INFINITE_RECURSION = YES;
				CLANG_WARN_INT_CONVERSION = YES;
				CLANG_WARN_NON_LITERAL_NULL_CONVERSION = YES;
				CLANG_WARN_OBJC_IMPLICIT_RETAIN_SELF = YES;
				CLANG_WARN_OBJC_LITERAL_CONVERSION = YES;
				CLANG_WARN_OBJC_ROOT_CLASS = YES_ERROR;
				CLANG_WARN_QUOTED_INCLUDE_IN_FRAMEWORK_HEADER = YES;
				CLANG_WARN_RANGE_LOOP_ANALYSIS = YES;
				CLANG_WARN_STRICT_PROTOTYPES = YES;
				CLANG_WARN_SUSPICIOUS_MOVE = YES;
				CLANG_WARN_UNGUARDED_AVAILABILITY = YES_AGGRESSIVE;
				CLANG_WARN_UNREACHABLE_CODE = YES;
				CLANG_WARN__DUPLICATE_METHOD_MATCH = YES;
				COPY_PHASE_STRIP = NO;
				DEBUG_INFORMATION_FORMAT = "dwarf-with-dsym";
				ENABLE_NS_ASSERTIONS = NO;
				ENABLE_STRICT_OBJC_MSGSEND = YES;
				GCC_C_LANGUAGE_STANDARD = gnu11;
				GCC_NO_COMMON_BLOCKS = YES;
				GCC_WARN_64_TO_32_BIT_CONVERSION = YES;
				GCC_WARN_ABOUT_RETURN_TYPE = YES_ERROR;
				GCC_WARN_UNDECLARED_SELECTOR = YES;
				GCC_WARN_UNINITIALIZED_AUTOS = YES_AGGRESSIVE;
				GCC_WARN_UNUSED_FUNCTION = YES;
				GCC_WARN_UNUSED_VARIABLE = YES;
				IPHONEOS_DEPLOYMENT_TARGET = 14.2;
				MTL_ENABLE_DEBUG_INFO = NO;
				MTL_FAST_MATH = YES;
				SDKROOT = iphoneos;
				SWIFT_COMPILATION_MODE = wholemodule;
				SWIFT_OPTIMIZATION_LEVEL = "-O";
				VALIDATE_PRODUCT = YES;
			};
			name = Release;
		};
		856F0CEC257933E100D247F4 /* Debug */ = {
			isa = XCBuildConfiguration;
			buildSettings = {
				ASSETCATALOG_COMPILER_APPICON_NAME = AppIcon;
				ASSETCATALOG_COMPILER_GLOBAL_ACCENT_COLOR_NAME = AccentColor;
				CODE_SIGN_STYLE = Automatic;
				INFOPLIST_FILE = xibStudy/Info.plist;
				LD_RUNPATH_SEARCH_PATHS = (
					"$(inherited)",
					"@executable_path/Frameworks",
				);
				PRODUCT_BUNDLE_IDENTIFIER = no.xibStudy;
				PRODUCT_NAME = "$(TARGET_NAME)";
				SWIFT_VERSION = 5.0;
				TARGETED_DEVICE_FAMILY = "1,2";
			};
			name = Debug;
		};
		856F0CED257933E100D247F4 /* Release */ = {
			isa = XCBuildConfiguration;
			buildSettings = {
				ASSETCATALOG_COMPILER_APPICON_NAME = AppIcon;
				ASSETCATALOG_COMPILER_GLOBAL_ACCENT_COLOR_NAME = AccentColor;
				CODE_SIGN_STYLE = Automatic;
				INFOPLIST_FILE = xibStudy/Info.plist;
				LD_RUNPATH_SEARCH_PATHS = (
					"$(inherited)",
					"@executable_path/Frameworks",
				);
				PRODUCT_BUNDLE_IDENTIFIER = no.xibStudy;
				PRODUCT_NAME = "$(TARGET_NAME)";
				SWIFT_VERSION = 5.0;
				TARGETED_DEVICE_FAMILY = "1,2";
			};
			name = Release;
		};
/* End XCBuildConfiguration section */

/* Begin XCConfigurationList section */
		856F0CD2257933E000D247F4 /* Build configuration list for PBXProject "xibStudy" */ = {
			isa = XCConfigurationList;
			buildConfigurations = (
				856F0CE9257933E100D247F4 /* Debug */,
				856F0CEA257933E100D247F4 /* Release */,
			);
			defaultConfigurationIsVisible = 0;
			defaultConfigurationName = Release;
		};
		856F0CEB257933E100D247F4 /* Build configuration list for PBXNativeTarget "xibStudy" */ = {
			isa = XCConfigurationList;
			buildConfigurations = (
				856F0CEC257933E100D247F4 /* Debug */,
				856F0CED257933E100D247F4 /* Release */,
			);
			defaultConfigurationIsVisible = 0;
			defaultConfigurationName = Release;
		};
/* End XCConfigurationList section */
	};
	rootObject = 856F0CCF257933E000D247F4 /* Project object */;
}
