// !$*UTF8*$!
{
	archiveVersion = 1;
	classes = {
	};
	objectVersion = 50;
	objects = {

/* Begin PBXBuildFile section */
		F9631F4925541E4F000E9202 /* AppDelegate.swift in Sources */ = {isa = PBXBuildFile; fileRef = F9631F4825541E4F000E9202 /* AppDelegate.swift */; };
		F9631F4B25541E4F000E9202 /* SceneDelegate.swift in Sources */ = {isa = PBXBuildFile; fileRef = F9631F4A25541E4F000E9202 /* SceneDelegate.swift */; };
		F9631F4D25541E4F000E9202 /* ViewController.swift in Sources */ = {isa = PBXBuildFile; fileRef = F9631F4C25541E4F000E9202 /* ViewController.swift */; };
		F9631F5025541E4F000E9202 /* Main.storyboard in Resources */ = {isa = PBXBuildFile; fileRef = F9631F4E25541E4F000E9202 /* Main.storyboard */; };
		F9631F5225541E51000E9202 /* Assets.xcassets in Resources */ = {isa = PBXBuildFile; fileRef = F9631F5125541E51000E9202 /* Assets.xcassets */; };
		F9631F5525541E51000E9202 /* LaunchScreen.storyboard in Resources */ = {isa = PBXBuildFile; fileRef = F9631F5325541E51000E9202 /* LaunchScreen.storyboard */; };
		F9631F5D2554207D000E9202 /* emojiTableViewController.swift in Sources */ = {isa = PBXBuildFile; fileRef = F9631F5C2554207D000E9202 /* emojiTableViewController.swift */; };
		F9631F5F25542D41000E9202 /* emojiTableViewCell.swift in Sources */ = {isa = PBXBuildFile; fileRef = F9631F5E25542D41000E9202 /* emojiTableViewCell.swift */; };
		F9631F6125542EFB000E9202 /* emojiModel.swift in Sources */ = {isa = PBXBuildFile; fileRef = F9631F6025542EFB000E9202 /* emojiModel.swift */; };
		F96EE79A255BF66400F57EAA /* NewEmojiTableViewController.swift in Sources */ = {isa = PBXBuildFile; fileRef = F96EE799255BF66400F57EAA /* NewEmojiTableViewController.swift */; };
/* End PBXBuildFile section */

/* Begin PBXFileReference section */
		F9631F4525541E4F000E9202 /* emojiTable.app */ = {isa = PBXFileReference; explicitFileType = wrapper.application; includeInIndex = 0; path = emojiTable.app; sourceTree = BUILT_PRODUCTS_DIR; };
		F9631F4825541E4F000E9202 /* AppDelegate.swift */ = {isa = PBXFileReference; lastKnownFileType = sourcecode.swift; path = AppDelegate.swift; sourceTree = "<group>"; };
		F9631F4A25541E4F000E9202 /* SceneDelegate.swift */ = {isa = PBXFileReference; lastKnownFileType = sourcecode.swift; path = SceneDelegate.swift; sourceTree = "<group>"; };
		F9631F4C25541E4F000E9202 /* ViewController.swift */ = {isa = PBXFileReference; lastKnownFileType = sourcecode.swift; path = ViewController.swift; sourceTree = "<group>"; };
		F9631F4F25541E4F000E9202 /* Base */ = {isa = PBXFileReference; lastKnownFileType = file.storyboard; name = Base; path = Base.lproj/Main.storyboard; sourceTree = "<group>"; };
		F9631F5125541E51000E9202 /* Assets.xcassets */ = {isa = PBXFileReference; lastKnownFileType = folder.assetcatalog; path = Assets.xcassets; sourceTree = "<group>"; };
		F9631F5425541E51000E9202 /* Base */ = {isa = PBXFileReference; lastKnownFileType = file.storyboard; name = Base; path = Base.lproj/LaunchScreen.storyboard; sourceTree = "<group>"; };
		F9631F5625541E51000E9202 /* Info.plist */ = {isa = PBXFileReference; lastKnownFileType = text.plist.xml; path = Info.plist; sourceTree = "<group>"; };
		F9631F5C2554207D000E9202 /* emojiTableViewController.swift */ = {isa = PBXFileReference; lastKnownFileType = sourcecode.swift; path = emojiTableViewController.swift; sourceTree = "<group>"; };
		F9631F5E25542D41000E9202 /* emojiTableViewCell.swift */ = {isa = PBXFileReference; lastKnownFileType = sourcecode.swift; path = emojiTableViewCell.swift; sourceTree = "<group>"; };
		F9631F6025542EFB000E9202 /* emojiModel.swift */ = {isa = PBXFileReference; lastKnownFileType = sourcecode.swift; path = emojiModel.swift; sourceTree = "<group>"; };
		F96EE799255BF66400F57EAA /* NewEmojiTableViewController.swift */ = {isa = PBXFileReference; lastKnownFileType = sourcecode.swift; path = NewEmojiTableViewController.swift; sourceTree = "<group>"; };
/* End PBXFileReference section */

/* Begin PBXFrameworksBuildPhase section */
		F9631F4225541E4F000E9202 /* Frameworks */ = {
			isa = PBXFrameworksBuildPhase;
			buildActionMask = 2147483647;
			files = (
			);
			runOnlyForDeploymentPostprocessing = 0;
		};
/* End PBXFrameworksBuildPhase section */

/* Begin PBXGroup section */
		F9631F3C25541E4F000E9202 = {
			isa = PBXGroup;
			children = (
				F9631F4725541E4F000E9202 /* emojiTable */,
				F9631F4625541E4F000E9202 /* Products */,
			);
			sourceTree = "<group>";
		};
		F9631F4625541E4F000E9202 /* Products */ = {
			isa = PBXGroup;
			children = (
				F9631F4525541E4F000E9202 /* emojiTable.app */,
			);
			name = Products;
			sourceTree = "<group>";
		};
		F9631F4725541E4F000E9202 /* emojiTable */ = {
			isa = PBXGroup;
			children = (
				F9631F4825541E4F000E9202 /* AppDelegate.swift */,
				F9631F4A25541E4F000E9202 /* SceneDelegate.swift */,
				F9631F4C25541E4F000E9202 /* ViewController.swift */,
				F9631F5C2554207D000E9202 /* emojiTableViewController.swift */,
				F9631F5E25542D41000E9202 /* emojiTableViewCell.swift */,
				F9631F6025542EFB000E9202 /* emojiModel.swift */,
				F96EE799255BF66400F57EAA /* NewEmojiTableViewController.swift */,
				F9631F4E25541E4F000E9202 /* Main.storyboard */,
				F9631F5125541E51000E9202 /* Assets.xcassets */,
				F9631F5325541E51000E9202 /* LaunchScreen.storyboard */,
				F9631F5625541E51000E9202 /* Info.plist */,
			);
			path = emojiTable;
			sourceTree = "<group>";
		};
/* End PBXGroup section */

/* Begin PBXNativeTarget section */
		F9631F4425541E4F000E9202 /* emojiTable */ = {
			isa = PBXNativeTarget;
			buildConfigurationList = F9631F5925541E51000E9202 /* Build configuration list for PBXNativeTarget "emojiTable" */;
			buildPhases = (
				F9631F4125541E4F000E9202 /* Sources */,
				F9631F4225541E4F000E9202 /* Frameworks */,
				F9631F4325541E4F000E9202 /* Resources */,
			);
			buildRules = (
			);
			dependencies = (
			);
			name = emojiTable;
			productName = emojiTable;
			productReference = F9631F4525541E4F000E9202 /* emojiTable.app */;
			productType = "com.apple.product-type.application";
		};
/* End PBXNativeTarget section */

/* Begin PBXProject section */
		F9631F3D25541E4F000E9202 /* Project object */ = {
			isa = PBXProject;
			attributes = {
				LastSwiftUpdateCheck = 1160;
				LastUpgradeCheck = 1160;
				ORGANIZATIONNAME = NickolayKryuchkov;
				TargetAttributes = {
					F9631F4425541E4F000E9202 = {
						CreatedOnToolsVersion = 11.6;
					};
				};
			};
			buildConfigurationList = F9631F4025541E4F000E9202 /* Build configuration list for PBXProject "emojiTable" */;
			compatibilityVersion = "Xcode 9.3";
			developmentRegion = en;
			hasScannedForEncodings = 0;
			knownRegions = (
				en,
				Base,
			);
			mainGroup = F9631F3C25541E4F000E9202;
			productRefGroup = F9631F4625541E4F000E9202 /* Products */;
			projectDirPath = "";
			projectRoot = "";
			targets = (
				F9631F4425541E4F000E9202 /* emojiTable */,
			);
		};
/* End PBXProject section */

/* Begin PBXResourcesBuildPhase section */
		F9631F4325541E4F000E9202 /* Resources */ = {
			isa = PBXResourcesBuildPhase;
			buildActionMask = 2147483647;
			files = (
				F9631F5525541E51000E9202 /* LaunchScreen.storyboard in Resources */,
				F9631F5225541E51000E9202 /* Assets.xcassets in Resources */,
				F9631F5025541E4F000E9202 /* Main.storyboard in Resources */,
			);
			runOnlyForDeploymentPostprocessing = 0;
		};
/* End PBXResourcesBuildPhase section */

/* Begin PBXSourcesBuildPhase section */
		F9631F4125541E4F000E9202 /* Sources */ = {
			isa = PBXSourcesBuildPhase;
			buildActionMask = 2147483647;
			files = (
				F9631F6125542EFB000E9202 /* emojiModel.swift in Sources */,
				F9631F5F25542D41000E9202 /* emojiTableViewCell.swift in Sources */,
				F9631F5D2554207D000E9202 /* emojiTableViewController.swift in Sources */,
				F9631F4D25541E4F000E9202 /* ViewController.swift in Sources */,
				F96EE79A255BF66400F57EAA /* NewEmojiTableViewController.swift in Sources */,
				F9631F4925541E4F000E9202 /* AppDelegate.swift in Sources */,
				F9631F4B25541E4F000E9202 /* SceneDelegate.swift in Sources */,
			);
			runOnlyForDeploymentPostprocessing = 0;
		};
/* End PBXSourcesBuildPhase section */

/* Begin PBXVariantGroup section */
		F9631F4E25541E4F000E9202 /* Main.storyboard */ = {
			isa = PBXVariantGroup;
			children = (
				F9631F4F25541E4F000E9202 /* Base */,
			);
			name = Main.storyboard;
			sourceTree = "<group>";
		};
		F9631F5325541E51000E9202 /* LaunchScreen.storyboard */ = {
			isa = PBXVariantGroup;
			children = (
				F9631F5425541E51000E9202 /* Base */,
			);
			name = LaunchScreen.storyboard;
			sourceTree = "<group>";
		};
/* End PBXVariantGroup section */

/* Begin XCBuildConfiguration section */
		F9631F5725541E51000E9202 /* Debug */ = {
			isa = XCBuildConfiguration;
			buildSettings = {
				ALWAYS_SEARCH_USER_PATHS = NO;
				CLANG_ANALYZER_NONNULL = YES;
				CLANG_ANALYZER_NUMBER_OBJECT_CONVERSION = YES_AGGRESSIVE;
				CLANG_CXX_LANGUAGE_STANDARD = "gnu++14";
				CLANG_CXX_LIBRARY = "libc++";
				CLANG_ENABLE_MODULES = YES;
				CLANG_ENABLE_OBJC_ARC = YES;
				CLANG_ENABLE_OBJC_WEAK = YES;
				CLANG_WARN_BLOCK_CAPTURE_AUTORELEASING = YES;
				CLANG_WARN_BOOL_CONVERSION = YES;
				CLANG_WARN_COMMA = YES;
				CLANG_WARN_CONSTANT_CONVERSION = YES;
				CLANG_WARN_DEPRECATED_OBJC_IMPLEMENTATIONS = YES;
				CLANG_WARN_DIRECT_OBJC_ISA_USAGE = YES_ERROR;
				CLANG_WARN_DOCUMENTATION_COMMENTS = YES;
				CLANG_WARN_EMPTY_BODY = YES;
				CLANG_WARN_ENUM_CONVERSION = YES;
				CLANG_WARN_INFINITE_RECURSION = YES;
				CLANG_WARN_INT_CONVERSION = YES;
				CLANG_WARN_NON_LITERAL_NULL_CONVERSION = YES;
				CLANG_WARN_OBJC_IMPLICIT_RETAIN_SELF = YES;
				CLANG_WARN_OBJC_LITERAL_CONVERSION = YES;
				CLANG_WARN_OBJC_ROOT_CLASS = YES_ERROR;
				CLANG_WARN_RANGE_LOOP_ANALYSIS = YES;
				CLANG_WARN_STRICT_PROTOTYPES = YES;
				CLANG_WARN_SUSPICIOUS_MOVE = YES;
				CLANG_WARN_UNGUARDED_AVAILABILITY = YES_AGGRESSIVE;
				CLANG_WARN_UNREACHABLE_CODE = YES;
				CLANG_WARN__DUPLICATE_METHOD_MATCH = YES;
				COPY_PHASE_STRIP = NO;
				DEBUG_INFORMATION_FORMAT = dwarf;
				ENABLE_STRICT_OBJC_MSGSEND = YES;
				ENABLE_TESTABILITY = YES;
				GCC_C_LANGUAGE_STANDARD = gnu11;
				GCC_DYNAMIC_NO_PIC = NO;
				GCC_NO_COMMON_BLOCKS = YES;
				GCC_OPTIMIZATION_LEVEL = 0;
				GCC_PREPROCESSOR_DEFINITIONS = (
					"DEBUG=1",
					"$(inherited)",
				);
				GCC_WARN_64_TO_32_BIT_CONVERSION = YES;
				GCC_WARN_ABOUT_RETURN_TYPE = YES_ERROR;
				GCC_WARN_UNDECLARED_SELECTOR = YES;
				GCC_WARN_UNINITIALIZED_AUTOS = YES_AGGRESSIVE;
				GCC_WARN_UNUSED_FUNCTION = YES;
				GCC_WARN_UNUSED_VARIABLE = YES;
				IPHONEOS_DEPLOYMENT_TARGET = 13.6;
				MTL_ENABLE_DEBUG_INFO = INCLUDE_SOURCE;
				MTL_FAST_MATH = YES;
				ONLY_ACTIVE_ARCH = YES;
				SDKROOT = iphoneos;
				SWIFT_ACTIVE_COMPILATION_CONDITIONS = DEBUG;
				SWIFT_OPTIMIZATION_LEVEL = "-Onone";
			};
			name = Debug;
		};
		F9631F5825541E51000E9202 /* Release */ = {
			isa = XCBuildConfiguration;
			buildSettings = {
				ALWAYS_SEARCH_USER_PATHS = NO;
				CLANG_ANALYZER_NONNULL = YES;
				CLANG_ANALYZER_NUMBER_OBJECT_CONVERSION = YES_AGGRESSIVE;
				CLANG_CXX_LANGUAGE_STANDARD = "gnu++14";
				CLANG_CXX_LIBRARY = "libc++";
				CLANG_ENABLE_MODULES = YES;
				CLANG_ENABLE_OBJC_ARC = YES;
				CLANG_ENABLE_OBJC_WEAK = YES;
				CLANG_WARN_BLOCK_CAPTURE_AUTORELEASING = YES;
				CLANG_WARN_BOOL_CONVERSION = YES;
				CLANG_WARN_COMMA = YES;
				CLANG_WARN_CONSTANT_CONVERSION = YES;
				CLANG_WARN_DEPRECATED_OBJC_IMPLEMENTATIONS = YES;
				CLANG_WARN_DIRECT_OBJC_ISA_USAGE = YES_ERROR;
				CLANG_WARN_DOCUMENTATION_COMMENTS = YES;
				CLANG_WARN_EMPTY_BODY = YES;
				CLANG_WARN_ENUM_CONVERSION = YES;
				CLANG_WARN_INFINITE_RECURSION = YES;
				CLANG_WARN_INT_CONVERSION = YES;
				CLANG_WARN_NON_LITERAL_NULL_CONVERSION = YES;
				CLANG_WARN_OBJC_IMPLICIT_RETAIN_SELF = YES;
				CLANG_WARN_OBJC_LITERAL_CONVERSION = YES;
				CLANG_WARN_OBJC_ROOT_CLASS = YES_ERROR;
				CLANG_WARN_RANGE_LOOP_ANALYSIS = YES;
				CLANG_WARN_STRICT_PROTOTYPES = YES;
				CLANG_WARN_SUSPICIOUS_MOVE = YES;
				CLANG_WARN_UNGUARDED_AVAILABILITY = YES_AGGRESSIVE;
				CLANG_WARN_UNREACHABLE_CODE = YES;
				CLANG_WARN__DUPLICATE_METHOD_MATCH = YES;
				COPY_PHASE_STRIP = NO;
				DEBUG_INFORMATION_FORMAT = "dwarf-with-dsym";
				ENABLE_NS_ASSERTIONS = NO;
				ENABLE_STRICT_OBJC_MSGSEND = YES;
				GCC_C_LANGUAGE_STANDARD = gnu11;
				GCC_NO_COMMON_BLOCKS = YES;
				GCC_WARN_64_TO_32_BIT_CONVERSION = YES;
				GCC_WARN_ABOUT_RETURN_TYPE = YES_ERROR;
				GCC_WARN_UNDECLARED_SELECTOR = YES;
				GCC_WARN_UNINITIALIZED_AUTOS = YES_AGGRESSIVE;
				GCC_WARN_UNUSED_FUNCTION = YES;
				GCC_WARN_UNUSED_VARIABLE = YES;
				IPHONEOS_DEPLOYMENT_TARGET = 13.6;
				MTL_ENABLE_DEBUG_INFO = NO;
				MTL_FAST_MATH = YES;
				SDKROOT = iphoneos;
				SWIFT_COMPILATION_MODE = wholemodule;
				SWIFT_OPTIMIZATION_LEVEL = "-O";
				VALIDATE_PRODUCT = YES;
			};
			name = Release;
		};
		F9631F5A25541E51000E9202 /* Debug */ = {
			isa = XCBuildConfiguration;
			buildSettings = {
				ASSETCATALOG_COMPILER_APPICON_NAME = AppIcon;
				CODE_SIGN_STYLE = Automatic;
				DEVELOPMENT_TEAM = RTRWQZT32D;
				INFOPLIST_FILE = emojiTable/Info.plist;
				IPHONEOS_DEPLOYMENT_TARGET = 13.0;
				LD_RUNPATH_SEARCH_PATHS = (
					"$(inherited)",
					"@executable_path/Frameworks",
				);
				PRODUCT_BUNDLE_IDENTIFIER = no.emojiTable;
				PRODUCT_NAME = "$(TARGET_NAME)";
				SWIFT_VERSION = 5.0;
				TARGETED_DEVICE_FAMILY = "1,2";
			};
			name = Debug;
		};
		F9631F5B25541E51000E9202 /* Release */ = {
			isa = XCBuildConfiguration;
			buildSettings = {
				ASSETCATALOG_COMPILER_APPICON_NAME = AppIcon;
				CODE_SIGN_STYLE = Automatic;
				DEVELOPMENT_TEAM = RTRWQZT32D;
				INFOPLIST_FILE = emojiTable/Info.plist;
				IPHONEOS_DEPLOYMENT_TARGET = 13.0;
				LD_RUNPATH_SEARCH_PATHS = (
					"$(inherited)",
					"@executable_path/Frameworks",
				);
				PRODUCT_BUNDLE_IDENTIFIER = no.emojiTable;
				PRODUCT_NAME = "$(TARGET_NAME)";
				SWIFT_VERSION = 5.0;
				TARGETED_DEVICE_FAMILY = "1,2";
			};
			name = Release;
		};
/* End XCBuildConfiguration section */

/* Begin XCConfigurationList section */
		F9631F4025541E4F000E9202 /* Build configuration list for PBXProject "emojiTable" */ = {
			isa = XCConfigurationList;
			buildConfigurations = (
				F9631F5725541E51000E9202 /* Debug */,
				F9631F5825541E51000E9202 /* Release */,
			);
			defaultConfigurationIsVisible = 0;
			defaultConfigurationName = Release;
		};
		F9631F5925541E51000E9202 /* Build configuration list for PBXNativeTarget "emojiTable" */ = {
			isa = XCConfigurationList;
			buildConfigurations = (
				F9631F5A25541E51000E9202 /* Debug */,
				F9631F5B25541E51000E9202 /* Release */,
			);
			defaultConfigurationIsVisible = 0;
			defaultConfigurationName = Release;
		};
/* End XCConfigurationList section */
	};
	rootObject = F9631F3D25541E4F000E9202 /* Project object */;
}
